
Microsoft Visual Studio Solution File, Format Version 12.00
# Visual Studio Version 16
VisualStudioVersion = 16.0.31911.196
MinimumVisualStudioVersion = 10.0.40219.1
Project("{FAE04EC0-301F-11D3-BF4B-00C04F79EFBC}") = "pruebasEscuela", "pruebasEscuela\pruebasEscuela.csproj", "{D765B5BF-8B79-4804-B98E-C335ACB77E90}"
EndProject
Global
	GlobalSection(SolutionConfigurationPlatforms) = preSolution
		Debug|Any CPU = Debug|Any CPU
		Release|Any CPU = Release|Any CPU
	EndGlobalSection
	GlobalSection(ProjectConfigurationPlatforms) = postSolution
		{D765B5BF-8B79-4804-B98E-C335ACB77E90}.Debug|Any CPU.ActiveCfg = Debug|Any CPU
		{D765B5BF-8B79-4804-B98E-C335ACB77E90}.Debug|Any CPU.Build.0 = Debug|Any CPU
		{D765B5BF-8B79-4804-B98E-C335ACB77E90}.Release|Any CPU.ActiveCfg = Release|Any CPU
		{D765B5BF-8B79-4804-B98E-C335ACB77E90}.Release|Any CPU.Build.0 = Release|Any CPU
	EndGlobalSection
	GlobalSection(SolutionProperties) = preSolution
		HideSolutionNode = FALSE
	EndGlobalSection
	GlobalSection(ExtensibilityGlobals) = postSolution
		SolutionGuid = {A37326B2-D547-4E2D-A8B6-56EB7AB241B9}
	EndGlobalSection
EndGlobal
